// !$*UTF8*$!
{
	archiveVersion = 1;
	classes = {
	};
	objectVersion = 46;
	objects = {

/* Begin PBXBuildFile section */
		CA3887011C8FD17700CDBA99 /* main.m in Sources */ = {isa = PBXBuildFile; fileRef = CA3887001C8FD17700CDBA99 /* main.m */; };
		CA3887041C8FD17700CDBA99 /* AppDelegate.m in Sources */ = {isa = PBXBuildFile; fileRef = CA3887031C8FD17700CDBA99 /* AppDelegate.m */; };
		CA3887071C8FD17700CDBA99 /* ViewController.m in Sources */ = {isa = PBXBuildFile; fileRef = CA3887061C8FD17700CDBA99 /* ViewController.m */; };
		CA38870A1C8FD17700CDBA99 /* Main.storyboard in Resources */ = {isa = PBXBuildFile; fileRef = CA3887081C8FD17700CDBA99 /* Main.storyboard */; };
		CA38870C1C8FD17700CDBA99 /* Assets.xcassets in Resources */ = {isa = PBXBuildFile; fileRef = CA38870B1C8FD17700CDBA99 /* Assets.xcassets */; };
		CA38870F1C8FD17700CDBA99 /* LaunchScreen.storyboard in Resources */ = {isa = PBXBuildFile; fileRef = CA38870D1C8FD17700CDBA99 /* LaunchScreen.storyboard */; };
		CA38871A1C8FD17700CDBA99 /* LookImageTests.m in Sources */ = {isa = PBXBuildFile; fileRef = CA3887191C8FD17700CDBA99 /* LookImageTests.m */; };
		CA3887251C8FD17700CDBA99 /* LookImageUITests.m in Sources */ = {isa = PBXBuildFile; fileRef = CA3887241C8FD17700CDBA99 /* LookImageUITests.m */; };
		CA3887501C8FD1E600CDBA99 /* ImageDetailViewController.m in Sources */ = {isa = PBXBuildFile; fileRef = CA3887351C8FD1E600CDBA99 /* ImageDetailViewController.m */; };
		CA3887511C8FD1E600CDBA99 /* ELCAlbumPickerController.m in Sources */ = {isa = PBXBuildFile; fileRef = CA3887381C8FD1E600CDBA99 /* ELCAlbumPickerController.m */; };
		CA3887521C8FD1E600CDBA99 /* ELCAsset.m in Sources */ = {isa = PBXBuildFile; fileRef = CA38873A1C8FD1E600CDBA99 /* ELCAsset.m */; };
		CA3887531C8FD1E600CDBA99 /* ELCAssetCell.m in Sources */ = {isa = PBXBuildFile; fileRef = CA38873C1C8FD1E600CDBA99 /* ELCAssetCell.m */; };
		CA3887541C8FD1E600CDBA99 /* ELCAssetTablePicker.m in Sources */ = {isa = PBXBuildFile; fileRef = CA3887401C8FD1E600CDBA99 /* ELCAssetTablePicker.m */; };
		CA3887551C8FD1E600CDBA99 /* ELCImagePickerController.m in Sources */ = {isa = PBXBuildFile; fileRef = CA3887421C8FD1E600CDBA99 /* ELCImagePickerController.m */; };
		CA3887561C8FD1E600CDBA99 /* ELCAlbumPickerController.xib in Resources */ = {isa = PBXBuildFile; fileRef = CA3887441C8FD1E600CDBA99 /* ELCAlbumPickerController.xib */; };
		CA3887571C8FD1E600CDBA99 /* ELCAssetPicker.xib in Resources */ = {isa = PBXBuildFile; fileRef = CA3887451C8FD1E600CDBA99 /* ELCAssetPicker.xib */; };
		CA3887581C8FD1E600CDBA99 /* ELCAssetTablePicker.xib in Resources */ = {isa = PBXBuildFile; fileRef = CA3887461C8FD1E600CDBA99 /* ELCAssetTablePicker.xib */; };
		CA3887591C8FD1E600CDBA99 /* Overlay.png in Resources */ = {isa = PBXBuildFile; fileRef = CA3887471C8FD1E600CDBA99 /* Overlay.png */; };
		CA38875A1C8FD1E600CDBA99 /* Overlay@2x.png in Resources */ = {isa = PBXBuildFile; fileRef = CA3887481C8FD1E600CDBA99 /* Overlay@2x.png */; };
		CA38875C1C8FD1E600CDBA99 /* ImageDetailTableView.m in Sources */ = {isa = PBXBuildFile; fileRef = CA38874D1C8FD1E600CDBA99 /* ImageDetailTableView.m */; };
		CA38875D1C8FD1E600CDBA99 /* PhotoScrollView.m in Sources */ = {isa = PBXBuildFile; fileRef = CA38874F1C8FD1E600CDBA99 /* PhotoScrollView.m */; };
		CA3887611C901B7700CDBA99 /* UIViewExt.m in Sources */ = {isa = PBXBuildFile; fileRef = CA3887601C901B7700CDBA99 /* UIViewExt.m */; };
		CAA2A3511C925D210061ABF1 /* 添加图片@2x.png in Resources */ = {isa = PBXBuildFile; fileRef = CAA2A3501C925D210061ABF1 /* 添加图片@2x.png */; };
/* End PBXBuildFile section */

/* Begin PBXContainerItemProxy section */
		CA3887161C8FD17700CDBA99 /* PBXContainerItemProxy */ = {
			isa = PBXContainerItemProxy;
			containerPortal = CA3886F41C8FD17700CDBA99 /* Project object */;
			proxyType = 1;
			remoteGlobalIDString = CA3886FB1C8FD17700CDBA99;
			remoteInfo = LookImage;
		};
		CA3887211C8FD17700CDBA99 /* PBXContainerItemProxy */ = {
			isa = PBXContainerItemProxy;
			containerPortal = CA3886F41C8FD17700CDBA99 /* Project object */;
			proxyType = 1;
			remoteGlobalIDString = CA3886FB1C8FD17700CDBA99;
			remoteInfo = LookImage;
		};
/* End PBXContainerItemProxy section */

/* Begin PBXFileReference section */
		CA3886FC1C8FD17700CDBA99 /* LookImage.app */ = {isa = PBXFileReference; explicitFileType = wrapper.application; includeInIndex = 0; path = LookImage.app; sourceTree = BUILT_PRODUCTS_DIR; };
		CA3887001C8FD17700CDBA99 /* main.m */ = {isa = PBXFileReference; lastKnownFileType = sourcecode.c.objc; path = main.m; sourceTree = "<group>"; };
		CA3887021C8FD17700CDBA99 /* AppDelegate.h */ = {isa = PBXFileReference; lastKnownFileType = sourcecode.c.h; path = AppDelegate.h; sourceTree = "<group>"; };
		CA3887031C8FD17700CDBA99 /* AppDelegate.m */ = {isa = PBXFileReference; lastKnownFileType = sourcecode.c.objc; path = AppDelegate.m; sourceTree = "<group>"; };
		CA3887051C8FD17700CDBA99 /* ViewController.h */ = {isa = PBXFileReference; lastKnownFileType = sourcecode.c.h; path = ViewController.h; sourceTree = "<group>"; };
		CA3887061C8FD17700CDBA99 /* ViewController.m */ = {isa = PBXFileReference; lastKnownFileType = sourcecode.c.objc; path = ViewController.m; sourceTree = "<group>"; };
		CA3887091C8FD17700CDBA99 /* Base */ = {isa = PBXFileReference; lastKnownFileType = file.storyboard; name = Base; path = Base.lproj/Main.storyboard; sourceTree = "<group>"; };
		CA38870B1C8FD17700CDBA99 /* Assets.xcassets */ = {isa = PBXFileReference; lastKnownFileType = folder.assetcatalog; path = Assets.xcassets; sourceTree = "<group>"; };
		CA38870E1C8FD17700CDBA99 /* Base */ = {isa = PBXFileReference; lastKnownFileType = file.storyboard; name = Base; path = Base.lproj/LaunchScreen.storyboard; sourceTree = "<group>"; };
		CA3887101C8FD17700CDBA99 /* Info.plist */ = {isa = PBXFileReference; lastKnownFileType = text.plist.xml; path = Info.plist; sourceTree = "<group>"; };
		CA3887151C8FD17700CDBA99 /* LookImageTests.xctest */ = {isa = PBXFileReference; explicitFileType = wrapper.cfbundle; includeInIndex = 0; path = LookImageTests.xctest; sourceTree = BUILT_PRODUCTS_DIR; };
		CA3887191C8FD17700CDBA99 /* LookImageTests.m */ = {isa = PBXFileReference; lastKnownFileType = sourcecode.c.objc; path = LookImageTests.m; sourceTree = "<group>"; };
		CA38871B1C8FD17700CDBA99 /* Info.plist */ = {isa = PBXFileReference; lastKnownFileType = text.plist.xml; path = Info.plist; sourceTree = "<group>"; };
		CA3887201C8FD17700CDBA99 /* LookImageUITests.xctest */ = {isa = PBXFileReference; explicitFileType = wrapper.cfbundle; includeInIndex = 0; path = LookImageUITests.xctest; sourceTree = BUILT_PRODUCTS_DIR; };
		CA3887241C8FD17700CDBA99 /* LookImageUITests.m */ = {isa = PBXFileReference; lastKnownFileType = sourcecode.c.objc; path = LookImageUITests.m; sourceTree = "<group>"; };
		CA3887261C8FD17700CDBA99 /* Info.plist */ = {isa = PBXFileReference; lastKnownFileType = text.plist.xml; path = Info.plist; sourceTree = "<group>"; };
		CA3887341C8FD1E600CDBA99 /* ImageDetailViewController.h */ = {isa = PBXFileReference; fileEncoding = 4; lastKnownFileType = sourcecode.c.h; path = ImageDetailViewController.h; sourceTree = "<group>"; };
		CA3887351C8FD1E600CDBA99 /* ImageDetailViewController.m */ = {isa = PBXFileReference; fileEncoding = 4; lastKnownFileType = sourcecode.c.objc; path = ImageDetailViewController.m; sourceTree = "<group>"; };
		CA3887371C8FD1E600CDBA99 /* ELCAlbumPickerController.h */ = {isa = PBXFileReference; fileEncoding = 4; lastKnownFileType = sourcecode.c.h; path = ELCAlbumPickerController.h; sourceTree = "<group>"; };
		CA3887381C8FD1E600CDBA99 /* ELCAlbumPickerController.m */ = {isa = PBXFileReference; fileEncoding = 4; lastKnownFileType = sourcecode.c.objc; path = ELCAlbumPickerController.m; sourceTree = "<group>"; };
		CA3887391C8FD1E600CDBA99 /* ELCAsset.h */ = {isa = PBXFileReference; fileEncoding = 4; lastKnownFileType = sourcecode.c.h; path = ELCAsset.h; sourceTree = "<group>"; };
		CA38873A1C8FD1E600CDBA99 /* ELCAsset.m */ = {isa = PBXFileReference; fileEncoding = 4; lastKnownFileType = sourcecode.c.objc; path = ELCAsset.m; sourceTree = "<group>"; };
		CA38873B1C8FD1E600CDBA99 /* ELCAssetCell.h */ = {isa = PBXFileReference; fileEncoding = 4; lastKnownFileType = sourcecode.c.h; path = ELCAssetCell.h; sourceTree = "<group>"; };
		CA38873C1C8FD1E600CDBA99 /* ELCAssetCell.m */ = {isa = PBXFileReference; fileEncoding = 4; lastKnownFileType = sourcecode.c.objc; path = ELCAssetCell.m; sourceTree = "<group>"; };
		CA38873D1C8FD1E600CDBA99 /* ELCAssetPickerFilterDelegate.h */ = {isa = PBXFileReference; fileEncoding = 4; lastKnownFileType = sourcecode.c.h; path = ELCAssetPickerFilterDelegate.h; sourceTree = "<group>"; };
		CA38873E1C8FD1E600CDBA99 /* ELCAssetSelectionDelegate.h */ = {isa = PBXFileReference; fileEncoding = 4; lastKnownFileType = sourcecode.c.h; path = ELCAssetSelectionDelegate.h; sourceTree = "<group>"; };
		CA38873F1C8FD1E600CDBA99 /* ELCAssetTablePicker.h */ = {isa = PBXFileReference; fileEncoding = 4; lastKnownFileType = sourcecode.c.h; path = ELCAssetTablePicker.h; sourceTree = "<group>"; };
		CA3887401C8FD1E600CDBA99 /* ELCAssetTablePicker.m */ = {isa = PBXFileReference; fileEncoding = 4; lastKnownFileType = sourcecode.c.objc; path = ELCAssetTablePicker.m; sourceTree = "<group>"; };
		CA3887411C8FD1E600CDBA99 /* ELCImagePickerController.h */ = {isa = PBXFileReference; fileEncoding = 4; lastKnownFileType = sourcecode.c.h; path = ELCImagePickerController.h; sourceTree = "<group>"; };
		CA3887421C8FD1E600CDBA99 /* ELCImagePickerController.m */ = {isa = PBXFileReference; fileEncoding = 4; lastKnownFileType = sourcecode.c.objc; path = ELCImagePickerController.m; sourceTree = "<group>"; };
		CA3887441C8FD1E600CDBA99 /* ELCAlbumPickerController.xib */ = {isa = PBXFileReference; fileEncoding = 4; lastKnownFileType = file.xib; path = ELCAlbumPickerController.xib; sourceTree = "<group>"; };
		CA3887451C8FD1E600CDBA99 /* ELCAssetPicker.xib */ = {isa = PBXFileReference; fileEncoding = 4; lastKnownFileType = file.xib; path = ELCAssetPicker.xib; sourceTree = "<group>"; };
		CA3887461C8FD1E600CDBA99 /* ELCAssetTablePicker.xib */ = {isa = PBXFileReference; fileEncoding = 4; lastKnownFileType = file.xib; path = ELCAssetTablePicker.xib; sourceTree = "<group>"; };
		CA3887471C8FD1E600CDBA99 /* Overlay.png */ = {isa = PBXFileReference; lastKnownFileType = image.png; path = Overlay.png; sourceTree = "<group>"; };
		CA3887481C8FD1E600CDBA99 /* Overlay@2x.png */ = {isa = PBXFileReference; lastKnownFileType = image.png; path = "Overlay@2x.png"; sourceTree = "<group>"; };
		CA38874C1C8FD1E600CDBA99 /* ImageDetailTableView.h */ = {isa = PBXFileReference; fileEncoding = 4; lastKnownFileType = sourcecode.c.h; path = ImageDetailTableView.h; sourceTree = "<group>"; };
		CA38874D1C8FD1E600CDBA99 /* ImageDetailTableView.m */ = {isa = PBXFileReference; fileEncoding = 4; lastKnownFileType = sourcecode.c.objc; path = ImageDetailTableView.m; sourceTree = "<group>"; };
		CA38874E1C8FD1E600CDBA99 /* PhotoScrollView.h */ = {isa = PBXFileReference; fileEncoding = 4; lastKnownFileType = sourcecode.c.h; path = PhotoScrollView.h; sourceTree = "<group>"; };
		CA38874F1C8FD1E600CDBA99 /* PhotoScrollView.m */ = {isa = PBXFileReference; fileEncoding = 4; lastKnownFileType = sourcecode.c.objc; path = PhotoScrollView.m; sourceTree = "<group>"; };
		CA38875F1C901B7700CDBA99 /* UIViewExt.h */ = {isa = PBXFileReference; fileEncoding = 4; lastKnownFileType = sourcecode.c.h; path = UIViewExt.h; sourceTree = "<group>"; };
		CA3887601C901B7700CDBA99 /* UIViewExt.m */ = {isa = PBXFileReference; fileEncoding = 4; lastKnownFileType = sourcecode.c.objc; path = UIViewExt.m; sourceTree = "<group>"; };
		CAA2A3501C925D210061ABF1 /* 添加图片@2x.png */ = {isa = PBXFileReference; lastKnownFileType = image.png; path = "添加图片@2x.png"; sourceTree = "<group>"; };
/* End PBXFileReference section */

/* Begin PBXFrameworksBuildPhase section */
		CA3886F91C8FD17700CDBA99 /* Frameworks */ = {
			isa = PBXFrameworksBuildPhase;
			buildActionMask = 2147483647;
			files = (
			);
			runOnlyForDeploymentPostprocessing = 0;
		};
		CA3887121C8FD17700CDBA99 /* Frameworks */ = {
			isa = PBXFrameworksBuildPhase;
			buildActionMask = 2147483647;
			files = (
			);
			runOnlyForDeploymentPostprocessing = 0;
		};
		CA38871D1C8FD17700CDBA99 /* Frameworks */ = {
			isa = PBXFrameworksBuildPhase;
			buildActionMask = 2147483647;
			files = (
			);
			runOnlyForDeploymentPostprocessing = 0;
		};
/* End PBXFrameworksBuildPhase section */

/* Begin PBXGroup section */
		CA3886F31C8FD17700CDBA99 = {
			isa = PBXGroup;
			children = (
				CA3886FE1C8FD17700CDBA99 /* LookImage */,
				CA3887181C8FD17700CDBA99 /* LookImageTests */,
				CA3887231C8FD17700CDBA99 /* LookImageUITests */,
				CA3886FD1C8FD17700CDBA99 /* Products */,
			);
			sourceTree = "<group>";
		};
		CA3886FD1C8FD17700CDBA99 /* Products */ = {
			isa = PBXGroup;
			children = (
				CA3886FC1C8FD17700CDBA99 /* LookImage.app */,
				CA3887151C8FD17700CDBA99 /* LookImageTests.xctest */,
				CA3887201C8FD17700CDBA99 /* LookImageUITests.xctest */,
			);
			name = Products;
			sourceTree = "<group>";
		};
		CA3886FE1C8FD17700CDBA99 /* LookImage */ = {
			isa = PBXGroup;
			children = (
				CA3887021C8FD17700CDBA99 /* AppDelegate.h */,
				CA3887031C8FD17700CDBA99 /* AppDelegate.m */,
				CA3887051C8FD17700CDBA99 /* ViewController.h */,
				CA3887061C8FD17700CDBA99 /* ViewController.m */,
				CA3887081C8FD17700CDBA99 /* Main.storyboard */,
				CA38870B1C8FD17700CDBA99 /* Assets.xcassets */,
				CAA2A3501C925D210061ABF1 /* 添加图片@2x.png */,
				CA38870D1C8FD17700CDBA99 /* LaunchScreen.storyboard */,
				CA3887101C8FD17700CDBA99 /* Info.plist */,
				CA38875E1C901B5E00CDBA99 /* Other */,
				CA3887321C8FD1E600CDBA99 /* XBLookImage */,
				CA3886FF1C8FD17700CDBA99 /* Supporting Files */,
			);
			path = LookImage;
			sourceTree = "<group>";
		};
		CA3886FF1C8FD17700CDBA99 /* Supporting Files */ = {
			isa = PBXGroup;
			children = (
				CA3887001C8FD17700CDBA99 /* main.m */,
			);
			name = "Supporting Files";
			sourceTree = "<group>";
		};
		CA3887181C8FD17700CDBA99 /* LookImageTests */ = {
			isa = PBXGroup;
			children = (
				CA3887191C8FD17700CDBA99 /* LookImageTests.m */,
				CA38871B1C8FD17700CDBA99 /* Info.plist */,
			);
			path = LookImageTests;
			sourceTree = "<group>";
		};
		CA3887231C8FD17700CDBA99 /* LookImageUITests */ = {
			isa = PBXGroup;
			children = (
				CA3887241C8FD17700CDBA99 /* LookImageUITests.m */,
				CA3887261C8FD17700CDBA99 /* Info.plist */,
			);
			path = LookImageUITests;
			sourceTree = "<group>";
		};
		CA3887321C8FD1E600CDBA99 /* XBLookImage */ = {
			isa = PBXGroup;
			children = (
				CA3887331C8FD1E600CDBA99 /* Controller */,
				CA3887361C8FD1E600CDBA99 /* ELCImagePicker */,
				CA3887491C8FD1E600CDBA99 /* view */,
			);
			path = XBLookImage;
			sourceTree = "<group>";
		};
		CA3887331C8FD1E600CDBA99 /* Controller */ = {
			isa = PBXGroup;
			children = (
				CA3887341C8FD1E600CDBA99 /* ImageDetailViewController.h */,
				CA3887351C8FD1E600CDBA99 /* ImageDetailViewController.m */,
			);
			path = Controller;
			sourceTree = "<group>";
		};
		CA3887361C8FD1E600CDBA99 /* ELCImagePicker */ = {
			isa = PBXGroup;
			children = (
				CA3887371C8FD1E600CDBA99 /* ELCAlbumPickerController.h */,
				CA3887381C8FD1E600CDBA99 /* ELCAlbumPickerController.m */,
				CA3887391C8FD1E600CDBA99 /* ELCAsset.h */,
				CA38873A1C8FD1E600CDBA99 /* ELCAsset.m */,
				CA38873B1C8FD1E600CDBA99 /* ELCAssetCell.h */,
				CA38873C1C8FD1E600CDBA99 /* ELCAssetCell.m */,
				CA38873D1C8FD1E600CDBA99 /* ELCAssetPickerFilterDelegate.h */,
				CA38873E1C8FD1E600CDBA99 /* ELCAssetSelectionDelegate.h */,
				CA38873F1C8FD1E600CDBA99 /* ELCAssetTablePicker.h */,
				CA3887401C8FD1E600CDBA99 /* ELCAssetTablePicker.m */,
				CA3887411C8FD1E600CDBA99 /* ELCImagePickerController.h */,
				CA3887421C8FD1E600CDBA99 /* ELCImagePickerController.m */,
				CA3887431C8FD1E600CDBA99 /* Resources */,
			);
			path = ELCImagePicker;
			sourceTree = "<group>";
		};
		CA3887431C8FD1E600CDBA99 /* Resources */ = {
			isa = PBXGroup;
			children = (
				CA3887441C8FD1E600CDBA99 /* ELCAlbumPickerController.xib */,
				CA3887451C8FD1E600CDBA99 /* ELCAssetPicker.xib */,
				CA3887461C8FD1E600CDBA99 /* ELCAssetTablePicker.xib */,
				CA3887471C8FD1E600CDBA99 /* Overlay.png */,
				CA3887481C8FD1E600CDBA99 /* Overlay@2x.png */,
			);
			path = Resources;
			sourceTree = "<group>";
		};
		CA3887491C8FD1E600CDBA99 /* view */ = {
			isa = PBXGroup;
			children = (
				CA38874C1C8FD1E600CDBA99 /* ImageDetailTableView.h */,
				CA38874D1C8FD1E600CDBA99 /* ImageDetailTableView.m */,
				CA38874E1C8FD1E600CDBA99 /* PhotoScrollView.h */,
				CA38874F1C8FD1E600CDBA99 /* PhotoScrollView.m */,
			);
			path = view;
			sourceTree = "<group>";
		};
		CA38875E1C901B5E00CDBA99 /* Other */ = {
			isa = PBXGroup;
			children = (
				CA38875F1C901B7700CDBA99 /* UIViewExt.h */,
				CA3887601C901B7700CDBA99 /* UIViewExt.m */,
			);
			name = Other;
			sourceTree = "<group>";
		};
/* End PBXGroup section */

/* Begin PBXNativeTarget section */
		CA3886FB1C8FD17700CDBA99 /* LookImage */ = {
			isa = PBXNativeTarget;
			buildConfigurationList = CA3887291C8FD17700CDBA99 /* Build configuration list for PBXNativeTarget "LookImage" */;
			buildPhases = (
				CA3886F81C8FD17700CDBA99 /* Sources */,
				CA3886F91C8FD17700CDBA99 /* Frameworks */,
				CA3886FA1C8FD17700CDBA99 /* Resources */,
			);
			buildRules = (
			);
			dependencies = (
			);
			name = LookImage;
			productName = LookImage;
			productReference = CA3886FC1C8FD17700CDBA99 /* LookImage.app */;
			productType = "com.apple.product-type.application";
		};
		CA3887141C8FD17700CDBA99 /* LookImageTests */ = {
			isa = PBXNativeTarget;
			buildConfigurationList = CA38872C1C8FD17700CDBA99 /* Build configuration list for PBXNativeTarget "LookImageTests" */;
			buildPhases = (
				CA3887111C8FD17700CDBA99 /* Sources */,
				CA3887121C8FD17700CDBA99 /* Frameworks */,
				CA3887131C8FD17700CDBA99 /* Resources */,
			);
			buildRules = (
			);
			dependencies = (
				CA3887171C8FD17700CDBA99 /* PBXTargetDependency */,
			);
			name = LookImageTests;
			productName = LookImageTests;
			productReference = CA3887151C8FD17700CDBA99 /* LookImageTests.xctest */;
			productType = "com.apple.product-type.bundle.unit-test";
		};
		CA38871F1C8FD17700CDBA99 /* LookImageUITests */ = {
			isa = PBXNativeTarget;
			buildConfigurationList = CA38872F1C8FD17700CDBA99 /* Build configuration list for PBXNativeTarget "LookImageUITests" */;
			buildPhases = (
				CA38871C1C8FD17700CDBA99 /* Sources */,
				CA38871D1C8FD17700CDBA99 /* Frameworks */,
				CA38871E1C8FD17700CDBA99 /* Resources */,
			);
			buildRules = (
			);
			dependencies = (
				CA3887221C8FD17700CDBA99 /* PBXTargetDependency */,
			);
			name = LookImageUITests;
			productName = LookImageUITests;
			productReference = CA3887201C8FD17700CDBA99 /* LookImageUITests.xctest */;
			productType = "com.apple.product-type.bundle.ui-testing";
		};
/* End PBXNativeTarget section */

/* Begin PBXProject section */
		CA3886F41C8FD17700CDBA99 /* Project object */ = {
			isa = PBXProject;
			attributes = {
				LastUpgradeCheck = 0720;
				ORGANIZATIONNAME = chk;
				TargetAttributes = {
					CA3886FB1C8FD17700CDBA99 = {
						CreatedOnToolsVersion = 7.2;
					};
					CA3887141C8FD17700CDBA99 = {
						CreatedOnToolsVersion = 7.2;
						TestTargetID = CA3886FB1C8FD17700CDBA99;
					};
					CA38871F1C8FD17700CDBA99 = {
						CreatedOnToolsVersion = 7.2;
						TestTargetID = CA3886FB1C8FD17700CDBA99;
					};
				};
			};
			buildConfigurationList = CA3886F71C8FD17700CDBA99 /* Build configuration list for PBXProject "LookImage" */;
			compatibilityVersion = "Xcode 3.2";
			developmentRegion = English;
			hasScannedForEncodings = 0;
			knownRegions = (
				en,
				Base,
			);
			mainGroup = CA3886F31C8FD17700CDBA99;
			productRefGroup = CA3886FD1C8FD17700CDBA99 /* Products */;
			projectDirPath = "";
			projectRoot = "";
			targets = (
				CA3886FB1C8FD17700CDBA99 /* LookImage */,
				CA3887141C8FD17700CDBA99 /* LookImageTests */,
				CA38871F1C8FD17700CDBA99 /* LookImageUITests */,
			);
		};
/* End PBXProject section */

/* Begin PBXResourcesBuildPhase section */
		CA3886FA1C8FD17700CDBA99 /* Resources */ = {
			isa = PBXResourcesBuildPhase;
			buildActionMask = 2147483647;
			files = (
				CA3887581C8FD1E600CDBA99 /* ELCAssetTablePicker.xib in Resources */,
				CA3887561C8FD1E600CDBA99 /* ELCAlbumPickerController.xib in Resources */,
				CA3887591C8FD1E600CDBA99 /* Overlay.png in Resources */,
				CA38870F1C8FD17700CDBA99 /* LaunchScreen.storyboard in Resources */,
				CA38870C1C8FD17700CDBA99 /* Assets.xcassets in Resources */,
				CA38875A1C8FD1E600CDBA99 /* Overlay@2x.png in Resources */,
				CA38870A1C8FD17700CDBA99 /* Main.storyboard in Resources */,
				CAA2A3511C925D210061ABF1 /* 添加图片@2x.png in Resources */,
				CA3887571C8FD1E600CDBA99 /* ELCAssetPicker.xib in Resources */,
			);
			runOnlyForDeploymentPostprocessing = 0;
		};
		CA3887131C8FD17700CDBA99 /* Resources */ = {
			isa = PBXResourcesBuildPhase;
			buildActionMask = 2147483647;
			files = (
			);
			runOnlyForDeploymentPostprocessing = 0;
		};
		CA38871E1C8FD17700CDBA99 /* Resources */ = {
			isa = PBXResourcesBuildPhase;
			buildActionMask = 2147483647;
			files = (
			);
			runOnlyForDeploymentPostprocessing = 0;
		};
/* End PBXResourcesBuildPhase section */

/* Begin PBXSourcesBuildPhase section */
		CA3886F81C8FD17700CDBA99 /* Sources */ = {
			isa = PBXSourcesBuildPhase;
			buildActionMask = 2147483647;
			files = (
				CA38875D1C8FD1E600CDBA99 /* PhotoScrollView.m in Sources */,
				CA3887531C8FD1E600CDBA99 /* ELCAssetCell.m in Sources */,
				CA3887511C8FD1E600CDBA99 /* ELCAlbumPickerController.m in Sources */,
				CA3887551C8FD1E600CDBA99 /* ELCImagePickerController.m in Sources */,
				CA3887541C8FD1E600CDBA99 /* ELCAssetTablePicker.m in Sources */,
				CA3887521C8FD1E600CDBA99 /* ELCAsset.m in Sources */,
				CA3887071C8FD17700CDBA99 /* ViewController.m in Sources */,
				CA3887041C8FD17700CDBA99 /* AppDelegate.m in Sources */,
				CA38875C1C8FD1E600CDBA99 /* ImageDetailTableView.m in Sources */,
				CA3887611C901B7700CDBA99 /* UIViewExt.m in Sources */,
				CA3887011C8FD17700CDBA99 /* main.m in Sources */,
				CA3887501C8FD1E600CDBA99 /* ImageDetailViewController.m in Sources */,
			);
			runOnlyForDeploymentPostprocessing = 0;
		};
		CA3887111C8FD17700CDBA99 /* Sources */ = {
			isa = PBXSourcesBuildPhase;
			buildActionMask = 2147483647;
			files = (
				CA38871A1C8FD17700CDBA99 /* LookImageTests.m in Sources */,
			);
			runOnlyForDeploymentPostprocessing = 0;
		};
		CA38871C1C8FD17700CDBA99 /* Sources */ = {
			isa = PBXSourcesBuildPhase;
			buildActionMask = 2147483647;
			files = (
				CA3887251C8FD17700CDBA99 /* LookImageUITests.m in Sources */,
			);
			runOnlyForDeploymentPostprocessing = 0;
		};
/* End PBXSourcesBuildPhase section */

/* Begin PBXTargetDependency section */
		CA3887171C8FD17700CDBA99 /* PBXTargetDependency */ = {
			isa = PBXTargetDependency;
			target = CA3886FB1C8FD17700CDBA99 /* LookImage */;
			targetProxy = CA3887161C8FD17700CDBA99 /* PBXContainerItemProxy */;
		};
		CA3887221C8FD17700CDBA99 /* PBXTargetDependency */ = {
			isa = PBXTargetDependency;
			target = CA3886FB1C8FD17700CDBA99 /* LookImage */;
			targetProxy = CA3887211C8FD17700CDBA99 /* PBXContainerItemProxy */;
		};
/* End PBXTargetDependency section */

/* Begin PBXVariantGroup section */
		CA3887081C8FD17700CDBA99 /* Main.storyboard */ = {
			isa = PBXVariantGroup;
			children = (
				CA3887091C8FD17700CDBA99 /* Base */,
			);
			name = Main.storyboard;
			sourceTree = "<group>";
		};
		CA38870D1C8FD17700CDBA99 /* LaunchScreen.storyboard */ = {
			isa = PBXVariantGroup;
			children = (
				CA38870E1C8FD17700CDBA99 /* Base */,
			);
			name = LaunchScreen.storyboard;
			sourceTree = "<group>";
		};
/* End PBXVariantGroup section */

/* Begin XCBuildConfiguration section */
		CA3887271C8FD17700CDBA99 /* Debug */ = {
			isa = XCBuildConfiguration;
			buildSettings = {
				ALWAYS_SEARCH_USER_PATHS = NO;
				CLANG_CXX_LANGUAGE_STANDARD = "gnu++0x";
				CLANG_CXX_LIBRARY = "libc++";
				CLANG_ENABLE_MODULES = YES;
				CLANG_ENABLE_OBJC_ARC = YES;
				CLANG_WARN_BOOL_CONVERSION = YES;
				CLANG_WARN_CONSTANT_CONVERSION = YES;
				CLANG_WARN_DIRECT_OBJC_ISA_USAGE = YES_ERROR;
				CLANG_WARN_EMPTY_BODY = YES;
				CLANG_WARN_ENUM_CONVERSION = YES;
				CLANG_WARN_INT_CONVERSION = YES;
				CLANG_WARN_OBJC_ROOT_CLASS = YES_ERROR;
				CLANG_WARN_UNREACHABLE_CODE = YES;
				CLANG_WARN__DUPLICATE_METHOD_MATCH = YES;
				"CODE_SIGN_IDENTITY[sdk=iphoneos*]" = "iPhone Developer";
				COPY_PHASE_STRIP = NO;
				DEBUG_INFORMATION_FORMAT = dwarf;
				ENABLE_STRICT_OBJC_MSGSEND = YES;
				ENABLE_TESTABILITY = YES;
				GCC_C_LANGUAGE_STANDARD = gnu99;
				GCC_DYNAMIC_NO_PIC = NO;
				GCC_NO_COMMON_BLOCKS = YES;
				GCC_OPTIMIZATION_LEVEL = 0;
				GCC_PREPROCESSOR_DEFINITIONS = (
					"DEBUG=1",
					"$(inherited)",
				);
				GCC_WARN_64_TO_32_BIT_CONVERSION = YES;
				GCC_WARN_ABOUT_RETURN_TYPE = YES_ERROR;
				GCC_WARN_UNDECLARED_SELECTOR = YES;
				GCC_WARN_UNINITIALIZED_AUTOS = YES_AGGRESSIVE;
				GCC_WARN_UNUSED_FUNCTION = YES;
				GCC_WARN_UNUSED_VARIABLE = YES;
				IPHONEOS_DEPLOYMENT_TARGET = 9.2;
				MTL_ENABLE_DEBUG_INFO = YES;
				ONLY_ACTIVE_ARCH = YES;
				SDKROOT = iphoneos;
			};
			name = Debug;
		};
		CA3887281C8FD17700CDBA99 /* Release */ = {
			isa = XCBuildConfiguration;
			buildSettings = {
				ALWAYS_SEARCH_USER_PATHS = NO;
				CLANG_CXX_LANGUAGE_STANDARD = "gnu++0x";
				CLANG_CXX_LIBRARY = "libc++";
				CLANG_ENABLE_MODULES = YES;
				CLANG_ENABLE_OBJC_ARC = YES;
				CLANG_WARN_BOOL_CONVERSION = YES;
				CLANG_WARN_CONSTANT_CONVERSION = YES;
				CLANG_WARN_DIRECT_OBJC_ISA_USAGE = YES_ERROR;
				CLANG_WARN_EMPTY_BODY = YES;
				CLANG_WARN_ENUM_CONVERSION = YES;
				CLANG_WARN_INT_CONVERSION = YES;
				CLANG_WARN_OBJC_ROOT_CLASS = YES_ERROR;
				CLANG_WARN_UNREACHABLE_CODE = YES;
				CLANG_WARN__DUPLICATE_METHOD_MATCH = YES;
				"CODE_SIGN_IDENTITY[sdk=iphoneos*]" = "iPhone Developer";
				COPY_PHASE_STRIP = NO;
				DEBUG_INFORMATION_FORMAT = "dwarf-with-dsym";
				ENABLE_NS_ASSERTIONS = NO;
				ENABLE_STRICT_OBJC_MSGSEND = YES;
				GCC_C_LANGUAGE_STANDARD = gnu99;
				GCC_NO_COMMON_BLOCKS = YES;
				GCC_WARN_64_TO_32_BIT_CONVERSION = YES;
				GCC_WARN_ABOUT_RETURN_TYPE = YES_ERROR;
				GCC_WARN_UNDECLARED_SELECTOR = YES;
				GCC_WARN_UNINITIALIZED_AUTOS = YES_AGGRESSIVE;
				GCC_WARN_UNUSED_FUNCTION = YES;
				GCC_WARN_UNUSED_VARIABLE = YES;
				IPHONEOS_DEPLOYMENT_TARGET = 9.2;
				MTL_ENABLE_DEBUG_INFO = NO;
				SDKROOT = iphoneos;
				VALIDATE_PRODUCT = YES;
			};
			name = Release;
		};
		CA38872A1C8FD17700CDBA99 /* Debug */ = {
			isa = XCBuildConfiguration;
			buildSettings = {
				ASSETCATALOG_COMPILER_APPICON_NAME = AppIcon;
				INFOPLIST_FILE = LookImage/Info.plist;
				IPHONEOS_DEPLOYMENT_TARGET = 7.1;
				LD_RUNPATH_SEARCH_PATHS = "$(inherited) @executable_path/Frameworks";
				PRODUCT_BUNDLE_IDENTIFIER = xx.LookImage;
				PRODUCT_NAME = "$(TARGET_NAME)";
			};
			name = Debug;
		};
		CA38872B1C8FD17700CDBA99 /* Release */ = {
			isa = XCBuildConfiguration;
			buildSettings = {
				ASSETCATALOG_COMPILER_APPICON_NAME = AppIcon;
				INFOPLIST_FILE = LookImage/Info.plist;
				IPHONEOS_DEPLOYMENT_TARGET = 7.1;
				LD_RUNPATH_SEARCH_PATHS = "$(inherited) @executable_path/Frameworks";
				PRODUCT_BUNDLE_IDENTIFIER = xx.LookImage;
				PRODUCT_NAME = "$(TARGET_NAME)";
			};
			name = Release;
		};
		CA38872D1C8FD17700CDBA99 /* Debug */ = {
			isa = XCBuildConfiguration;
			buildSettings = {
				BUNDLE_LOADER = "$(TEST_HOST)";
				INFOPLIST_FILE = LookImageTests/Info.plist;
				LD_RUNPATH_SEARCH_PATHS = "$(inherited) @executable_path/Frameworks @loader_path/Frameworks";
				PRODUCT_BUNDLE_IDENTIFIER = xx.LookImageTests;
				PRODUCT_NAME = "$(TARGET_NAME)";
				TEST_HOST = "$(BUILT_PRODUCTS_DIR)/LookImage.app/LookImage";
			};
			name = Debug;
		};
		CA38872E1C8FD17700CDBA99 /* Release */ = {
			isa = XCBuildConfiguration;
			buildSettings = {
				BUNDLE_LOADER = "$(TEST_HOST)";
				INFOPLIST_FILE = LookImageTests/Info.plist;
				LD_RUNPATH_SEARCH_PATHS = "$(inherited) @executable_path/Frameworks @loader_path/Frameworks";
				PRODUCT_BUNDLE_IDENTIFIER = xx.LookImageTests;
				PRODUCT_NAME = "$(TARGET_NAME)";
				TEST_HOST = "$(BUILT_PRODUCTS_DIR)/LookImage.app/LookImage";
			};
			name = Release;
		};
		CA3887301C8FD17700CDBA99 /* Debug */ = {
			isa = XCBuildConfiguration;
			buildSettings = {
				INFOPLIST_FILE = LookImageUITests/Info.plist;
				LD_RUNPATH_SEARCH_PATHS = "$(inherited) @executable_path/Frameworks @loader_path/Frameworks";
				PRODUCT_BUNDLE_IDENTIFIER = xx.LookImageUITests;
				PRODUCT_NAME = "$(TARGET_NAME)";
				TEST_TARGET_NAME = LookImage;
				USES_XCTRUNNER = YES;
			};
			name = Debug;
		};
		CA3887311C8FD17700CDBA99 /* Release */ = {
			isa = XCBuildConfiguration;
			buildSettings = {
				INFOPLIST_FILE = LookImageUITests/Info.plist;
				LD_RUNPATH_SEARCH_PATHS = "$(inherited) @executable_path/Frameworks @loader_path/Frameworks";
				PRODUCT_BUNDLE_IDENTIFIER = xx.LookImageUITests;
				PRODUCT_NAME = "$(TARGET_NAME)";
				TEST_TARGET_NAME = LookImage;
				USES_XCTRUNNER = YES;
			};
			name = Release;
		};
/* End XCBuildConfiguration section */

/* Begin XCConfigurationList section */
		CA3886F71C8FD17700CDBA99 /* Build configuration list for PBXProject "LookImage" */ = {
			isa = XCConfigurationList;
			buildConfigurations = (
				CA3887271C8FD17700CDBA99 /* Debug */,
				CA3887281C8FD17700CDBA99 /* Release */,
			);
			defaultConfigurationIsVisible = 0;
			defaultConfigurationName = Release;
		};
		CA3887291C8FD17700CDBA99 /* Build configuration list for PBXNativeTarget "LookImage" */ = {
			isa = XCConfigurationList;
			buildConfigurations = (
				CA38872A1C8FD17700CDBA99 /* Debug */,
				CA38872B1C8FD17700CDBA99 /* Release */,
			);
			defaultConfigurationIsVisible = 0;
			defaultConfigurationName = Release;
		};
		CA38872C1C8FD17700CDBA99 /* Build configuration list for PBXNativeTarget "LookImageTests" */ = {
			isa = XCConfigurationList;
			buildConfigurations = (
				CA38872D1C8FD17700CDBA99 /* Debug */,
				CA38872E1C8FD17700CDBA99 /* Release */,
			);
			defaultConfigurationIsVisible = 0;
			defaultConfigurationName = Release;
		};
		CA38872F1C8FD17700CDBA99 /* Build configuration list for PBXNativeTarget "LookImageUITests" */ = {
			isa = XCConfigurationList;
			buildConfigurations = (
				CA3887301C8FD17700CDBA99 /* Debug */,
				CA3887311C8FD17700CDBA99 /* Release */,
			);
			defaultConfigurationIsVisible = 0;
			defaultConfigurationName = Release;
		};
/* End XCConfigurationList section */
	};
	rootObject = CA3886F41C8FD17700CDBA99 /* Project object */;
}
